
Microsoft Visual Studio Solution File, Format Version 12.00
# Visual Studio 2012
Project("{8BC9CEB8-8B4A-11D0-8D11-00A0C91BC942}") = "vector_wrapper", "vector_wrapper\vector_wrapper.vcxproj", "{BC07359C-3FE3-48AA-9096-805E38F78BA6}"
EndProject
Project("{8BC9CEB8-8B4A-11D0-8D11-00A0C91BC942}") = "thread_wrapper", "thread_wrapper\thread_wrapper.vcxproj", "{7A59C76E-0012-4F35-A46D-CE4148DB5C45}"
EndProject
Project("{8BC9CEB8-8B4A-11D0-8D11-00A0C91BC942}") = "test_wrappers", "test_wrappers\test_wrappers.vcxproj", "{08F97F13-4846-45E3-9DB3-ECDBA517FA02}"
EndProject
Global
	GlobalSection(SolutionConfigurationPlatforms) = preSolution
		Debug|Win32 = Debug|Win32
		Release|Win32 = Release|Win32
	EndGlobalSection
	GlobalSection(ProjectConfigurationPlatforms) = postSolution
		{BC07359C-3FE3-48AA-9096-805E38F78BA6}.Debug|Win32.ActiveCfg = Debug|Win32
		{BC07359C-3FE3-48AA-9096-805E38F78BA6}.Debug|Win32.Build.0 = Debug|Win32
		{BC07359C-3FE3-48AA-9096-805E38F78BA6}.Release|Win32.ActiveCfg = Release|Win32
		{BC07359C-3FE3-48AA-9096-805E38F78BA6}.Release|Win32.Build.0 = Release|Win32
		{7A59C76E-0012-4F35-A46D-CE4148DB5C45}.Debug|Win32.ActiveCfg = Debug|Win32
		{7A59C76E-0012-4F35-A46D-CE4148DB5C45}.Debug|Win32.Build.0 = Debug|Win32
		{7A59C76E-0012-4F35-A46D-CE4148DB5C45}.Release|Win32.ActiveCfg = Release|Win32
		{7A59C76E-0012-4F35-A46D-CE4148DB5C45}.Release|Win32.Build.0 = Release|Win32
		{08F97F13-4846-45E3-9DB3-ECDBA517FA02}.Debug|Win32.ActiveCfg = Debug|Win32
		{08F97F13-4846-45E3-9DB3-ECDBA517FA02}.Debug|Win32.Build.0 = Debug|Win32
		{08F97F13-4846-45E3-9DB3-ECDBA517FA02}.Release|Win32.ActiveCfg = Release|Win32
		{08F97F13-4846-45E3-9DB3-ECDBA517FA02}.Release|Win32.Build.0 = Release|Win32
	EndGlobalSection
	GlobalSection(SolutionProperties) = preSolution
		HideSolutionNode = FALSE
	EndGlobalSection
EndGlobal
